{
  "lockfileVersion": 1,
  "configVersion": 1,
  "workspaces": {
    "": {
      "name": "vetchium-monorepo",
      "devDependencies": {
        "husky": "^9.1.7",
        "prettier": "^3.4.2",
      },
    },
  },
  "packages": {
    "husky": ["husky@9.1.7", "", { "bin": { "husky": "bin.js" } }, "sha512-5gs5ytaNjBrh5Ow3zrvdUUY+0VxIuWVL4i9irt6friV+BqdCfmV11CQTWMiBYWHbXhco+J1kHfTOUkePhCDvMA=="],

    "prettier": ["prettier@3.7.4", "", { "bin": { "prettier": "bin/prettier.cjs" } }, "sha512-v6UNi1+3hSlVvv8fSaoUbggEM5VErKmmpGA7Pl3HF8V6uKY7rvClBOJlH6yNwQtfTueNkGVpOv/mtWL9L4bgRA=="],
  }
}
