{
  "lockfileVersion": 1,
  "configVersion": 1,
  "workspaces": {
    "": {
      "name": "bun-react-template",
      "dependencies": {
        "antd": "^6.1.0",
        "react": "^19",
        "react-dom": "^19",
      },
      "devDependencies": {
        "@types/bun": "latest",
        "@types/react": "^19",
        "@types/react-dom": "^19",
      },
    },
  },
  "packages": {
    "@ant-design/colors": ["@ant-design/colors@8.0.0", "", { "dependencies": { "@ant-design/fast-color": "^3.0.0" } }, "sha512-6YzkKCw30EI/E9kHOIXsQDHmMvTllT8STzjMb4K2qzit33RW2pqCJP0sk+hidBntXxE+Vz4n1+RvCTfBw6OErw=="],

    "@ant-design/cssinjs": ["@ant-design/cssinjs@2.0.1", "", { "dependencies": { "@babel/runtime": "^7.11.1", "@emotion/hash": "^0.8.0", "@emotion/unitless": "^0.7.5", "@rc-component/util": "^1.4.0", "clsx": "^2.1.1", "csstype": "^3.1.3", "stylis": "^4.3.4" }, "peerDependencies": { "react": ">=16.0.0", "react-dom": ">=16.0.0" } }, "sha512-Lw1Z4cUQxdMmTNir67gU0HCpTl5TtkKCJPZ6UBvCqzcOTl/QmMFB6qAEoj8qFl0CuZDX9qQYa3m9+rEKfaBSbA=="],

    "@ant-design/cssinjs-utils": ["@ant-design/cssinjs-utils@2.0.2", "", { "dependencies": { "@ant-design/cssinjs": "^2.0.1", "@babel/runtime": "^7.23.2", "@rc-component/util": "^1.4.0" }, "peerDependencies": { "react": ">=18", "react-dom": ">=18" } }, "sha512-Mq3Hm6fJuQeFNKSp3+yT4bjuhVbdrsyXE2RyfpJFL0xiYNZdaJ6oFaE3zFrzmHbmvTd2Wp3HCbRtkD4fU+v2ZA=="],

    "@ant-design/fast-color": ["@ant-design/fast-color@3.0.0", "", {}, "sha512-eqvpP7xEDm2S7dUzl5srEQCBTXZMmY3ekf97zI+M2DHOYyKdJGH0qua0JACHTqbkRnD/KHFQP9J1uMJ/XWVzzA=="],

    "@ant-design/icons": ["@ant-design/icons@6.1.0", "", { "dependencies": { "@ant-design/colors": "^8.0.0", "@ant-design/icons-svg": "^4.4.0", "@rc-component/util": "^1.3.0", "clsx": "^2.1.1" }, "peerDependencies": { "react": ">=16.0.0", "react-dom": ">=16.0.0" } }, "sha512-KrWMu1fIg3w/1F2zfn+JlfNDU8dDqILfA5Tg85iqs1lf8ooyGlbkA+TkwfOKKgqpUmAiRY1PTFpuOU2DAIgSUg=="],

    "@ant-design/icons-svg": ["@ant-design/icons-svg@4.4.2", "", {}, "sha512-vHbT+zJEVzllwP+CM+ul7reTEfBR0vgxFe7+lREAsAA7YGsYpboiq2sQNeQeRvh09GfQgs/GyFEvZpJ9cLXpXA=="],

    "@ant-design/react-slick": ["@ant-design/react-slick@2.0.0", "", { "dependencies": { "@babel/runtime": "^7.28.4", "clsx": "^2.1.1", "json2mq": "^0.2.0", "throttle-debounce": "^5.0.0" }, "peerDependencies": { "react": "^0.14.0 || ^15.0.1 || ^16.0.0 || ^17.0.0 || ^18.0.0 || ^19.0.0", "react-dom": "^0.14.0 || ^15.0.1 || ^16.0.0 || ^17.0.0 || ^18.0.0 || ^19.0.0" } }, "sha512-HMS9sRoEmZey8LsE/Yo6+klhlzU12PisjrVcydW3So7RdklyEd2qehyU6a7Yp+OYN72mgsYs3NFCyP2lCPFVqg=="],

    "@babel/runtime": ["@babel/runtime@7.28.4", "", {}, "sha512-Q/N6JNWvIvPnLDvjlE1OUBLPQHH6l3CltCEsHIujp45zQUSSh8K+gHnaEX45yAT1nyngnINhvWtzN+Nb9D8RAQ=="],

    "@emotion/hash": ["@emotion/hash@0.8.0", "", {}, "sha512-kBJtf7PH6aWwZ6fka3zQ0p6SBYzx4fl1LoZXE2RrnYST9Xljm7WfKJrU4g/Xr3Beg72MLrp1AWNUmuYJTL7Cow=="],

    "@emotion/unitless": ["@emotion/unitless@0.7.5", "", {}, "sha512-OWORNpfjMsSSUBVrRBVGECkhWcULOAJz9ZW8uK9qgxD+87M7jHRcvh/A96XXNhXTLmKcoYSQtBEX7lHMO7YRwg=="],

    "@rc-component/async-validator": ["@rc-component/async-validator@5.0.4", "", { "dependencies": { "@babel/runtime": "^7.24.4" } }, "sha512-qgGdcVIF604M9EqjNF0hbUTz42bz/RDtxWdWuU5EQe3hi7M8ob54B6B35rOsvX5eSvIHIzT9iH1R3n+hk3CGfg=="],

    "@rc-component/cascader": ["@rc-component/cascader@1.9.0", "", { "dependencies": { "@rc-component/select": "~1.3.0", "@rc-component/tree": "~1.1.0", "@rc-component/util": "^1.4.0", "clsx": "^2.1.1" }, "peerDependencies": { "react": ">=18.0.0", "react-dom": ">=18.0.0" } }, "sha512-2jbthe1QZrMBgtCvNKkJFjZYC3uKl4N/aYm5SsMvO3T+F+qRT1CGsSM9bXnh1rLj7jDk/GK0natShWF/jinhWQ=="],

    "@rc-component/checkbox": ["@rc-component/checkbox@1.0.1", "", { "dependencies": { "@rc-component/util": "^1.3.0", "clsx": "^2.1.1" }, "peerDependencies": { "react": ">=16.9.0", "react-dom": ">=16.9.0" } }, "sha512-08yTH8m+bSm8TOqbybbJ9KiAuIATti6bDs2mVeSfu4QfEnyeF6X0enHVvD1NEAyuBWEAo56QtLe++MYs2D9XiQ=="],

    "@rc-component/collapse": ["@rc-component/collapse@1.1.2", "", { "dependencies": { "@babel/runtime": "^7.10.1", "@rc-component/motion": "^1.1.4", "@rc-component/util": "^1.3.0", "clsx": "^2.1.1" }, "peerDependencies": { "react": ">=18.0.0", "react-dom": ">=18.0.0" } }, "sha512-ilBYk1dLLJHu5Q74dF28vwtKUYQ42ZXIIDmqTuVy4rD8JQVvkXOs+KixVNbweyuIEtJYJ7+t+9GVD9dPc6N02w=="],

    "@rc-component/color-picker": ["@rc-component/color-picker@3.0.3", "", { "dependencies": { "@ant-design/fast-color": "^3.0.0", "@rc-component/util": "^1.3.0", "clsx": "^2.1.1" }, "peerDependencies": { "react": ">=16.9.0", "react-dom": ">=16.9.0" } }, "sha512-V7gFF9O7o5XwIWafdbOtqI4BUUkEUkgdBwp6favy3xajMX/2dDqytFaiXlcwrpq6aRyPLp5dKLAG5RFKLXMeGA=="],

    "@rc-component/context": ["@rc-component/context@2.0.1", "", { "dependencies": { "@rc-component/util": "^1.3.0" }, "peerDependencies": { "react": ">=16.9.0", "react-dom": ">=16.9.0" } }, "sha512-HyZbYm47s/YqtP6pKXNMjPEMaukyg7P0qVfgMLzr7YiFNMHbK2fKTAGzms9ykfGHSfyf75nBbgWw+hHkp+VImw=="],

    "@rc-component/dialog": ["@rc-component/dialog@1.5.1", "", { "dependencies": { "@rc-component/motion": "^1.1.3", "@rc-component/portal": "^2.0.0", "@rc-component/util": "^1.0.1", "clsx": "^2.1.1" }, "peerDependencies": { "react": ">=18.0.0", "react-dom": ">=18.0.0" } }, "sha512-by4Sf/a3azcb89WayWuwG19/Y312xtu8N81HoVQQtnsBDylfs+dog98fTAvLinnpeoWG52m/M7QLRW6fXR3l1g=="],

    "@rc-component/drawer": ["@rc-component/drawer@1.3.0", "", { "dependencies": { "@rc-component/motion": "^1.1.4", "@rc-component/portal": "^2.0.0", "@rc-component/util": "^1.2.1", "clsx": "^2.1.1" }, "peerDependencies": { "react": ">=18.0.0", "react-dom": ">=18.0.0" } }, "sha512-rE+sdXEmv2W25VBQ9daGbnb4J4hBIEKmdbj0b3xpY+K7TUmLXDIlSnoXraIbFZdGyek9WxxGKK887uRnFgI+pQ=="],

    "@rc-component/dropdown": ["@rc-component/dropdown@1.0.2", "", { "dependencies": { "@rc-component/trigger": "^3.0.0", "@rc-component/util": "^1.2.1", "clsx": "^2.1.1" }, "peerDependencies": { "react": ">=16.11.0", "react-dom": ">=16.11.0" } }, "sha512-6PY2ecUSYhDPhkNHHb4wfeAya04WhpmUSKzdR60G+kMNVUCX2vjT/AgTS0Lz0I/K6xrPMJ3enQbwVpeN3sHCgg=="],

    "@rc-component/form": ["@rc-component/form@1.4.0", "", { "dependencies": { "@rc-component/async-validator": "^5.0.3", "@rc-component/util": "^1.3.0", "clsx": "^2.1.1" }, "peerDependencies": { "react": ">=16.9.0", "react-dom": ">=16.9.0" } }, "sha512-C8MN/2wIaW9hSrCCtJmcgCkWTQNIspN7ARXLFA4F8PGr8Qxk39U5pS3kRK51/bUJNhb/fEtdFnaViLlISGKI2A=="],

    "@rc-component/image": ["@rc-component/image@1.5.3", "", { "dependencies": { "@rc-component/motion": "^1.0.0", "@rc-component/portal": "^2.0.0", "@rc-component/util": "^1.3.0", "clsx": "^2.1.1" }, "peerDependencies": { "react": ">=16.9.0", "react-dom": ">=16.9.0" } }, "sha512-/NR7QW9uCN8Ugar+xsHZOPvzPySfEhcW2/vLcr7VPRM+THZMrllMRv7LAUgW7ikR+Z67Ab67cgPp5K5YftpJsQ=="],

    "@rc-component/input": ["@rc-component/input@1.1.2", "", { "dependencies": { "@rc-component/util": "^1.4.0", "clsx": "^2.1.1" }, "peerDependencies": { "react": ">=16.0.0", "react-dom": ">=16.0.0" } }, "sha512-Q61IMR47piUBudgixJ30CciKIy9b1H95qe7GgEKOmSJVJXvFRWJllJfQry9tif+MX2cWFXWJf/RXz4kaCeq/Fg=="],

    "@rc-component/input-number": ["@rc-component/input-number@1.6.2", "", { "dependencies": { "@rc-component/mini-decimal": "^1.0.1", "@rc-component/util": "^1.4.0", "clsx": "^2.1.1" }, "peerDependencies": { "react": ">=16.9.0", "react-dom": ">=16.9.0" } }, "sha512-Gjcq7meZlCOiWN1t1xCC+7/s85humHVokTBI7PJgTfoyw5OWF74y3e6P8PHX104g9+b54jsodFIzyaj6p8LI9w=="],

    "@rc-component/mentions": ["@rc-component/mentions@1.6.0", "", { "dependencies": { "@rc-component/input": "~1.1.0", "@rc-component/menu": "~1.2.0", "@rc-component/textarea": "~1.1.0", "@rc-component/trigger": "^3.0.0", "@rc-component/util": "^1.3.0", "clsx": "^2.1.1" }, "peerDependencies": { "react": ">=16.9.0", "react-dom": ">=16.9.0" } }, "sha512-KIkQNP6habNuTsLhUv0UGEOwG67tlmE7KNIJoQZZNggEZl5lQJTytFDb69sl5CK3TDdISCTjKP3nGEBKgT61CQ=="],

    "@rc-component/menu": ["@rc-component/menu@1.2.0", "", { "dependencies": { "@rc-component/motion": "^1.1.4", "@rc-component/overflow": "^1.0.0", "@rc-component/trigger": "^3.0.0", "@rc-component/util": "^1.3.0", "clsx": "^2.1.1" }, "peerDependencies": { "react": ">=16.9.0", "react-dom": ">=16.9.0" } }, "sha512-VWwDuhvYHSnTGj4n6bV3ISrLACcPAzdPOq3d0BzkeiM5cve8BEYfvkEhNoM0PLzv51jpcejeyrLXeMVIJ+QJlg=="],

    "@rc-component/mini-decimal": ["@rc-component/mini-decimal@1.1.0", "", { "dependencies": { "@babel/runtime": "^7.18.0" } }, "sha512-jS4E7T9Li2GuYwI6PyiVXmxTiM6b07rlD9Ge8uGZSCz3WlzcG5ZK7g5bbuKNeZ9pgUuPK/5guV781ujdVpm4HQ=="],

    "@rc-component/motion": ["@rc-component/motion@1.1.6", "", { "dependencies": { "@rc-component/util": "^1.2.0", "clsx": "^2.1.1" }, "peerDependencies": { "react": ">=16.9.0", "react-dom": ">=16.9.0" } }, "sha512-aEQobs/YA0kqRvHIPjQvOytdtdRVyhf/uXAal4chBjxDu6odHckExJzjn2D+Ju1aKK6hx3pAs6BXdV9+86xkgQ=="],

    "@rc-component/mutate-observer": ["@rc-component/mutate-observer@2.0.1", "", { "dependencies": { "@rc-component/util": "^1.2.0" }, "peerDependencies": { "react": ">=16.9.0", "react-dom": ">=16.9.0" } }, "sha512-AyarjoLU5YlxuValRi+w8JRH2Z84TBbFO2RoGWz9d8bSu0FqT8DtugH3xC3BV7mUwlmROFauyWuXFuq4IFbH+w=="],

    "@rc-component/notification": ["@rc-component/notification@1.2.0", "", { "dependencies": { "@rc-component/motion": "^1.1.4", "@rc-component/util": "^1.2.1", "clsx": "^2.1.1" }, "peerDependencies": { "react": ">=16.9.0", "react-dom": ">=16.9.0" } }, "sha512-OX3J+zVU7rvoJCikjrfW7qOUp7zlDeFBK2eA3SFbGSkDqo63Sl4Ss8A04kFP+fxHSxMDIS9jYVEZtU1FNCFuBA=="],

    "@rc-component/overflow": ["@rc-component/overflow@1.0.0", "", { "dependencies": { "@babel/runtime": "^7.11.1", "@rc-component/resize-observer": "^1.0.1", "@rc-component/util": "^1.4.0", "clsx": "^2.1.1" }, "peerDependencies": { "react": ">=16.9.0", "react-dom": ">=16.9.0" } }, "sha512-GSlBeoE0XTBi5cf3zl8Qh7Uqhn7v8RrlJ8ajeVpEkNe94HWy5l5BQ0Mwn2TVUq9gdgbfEMUmTX7tJFAg7mz0Rw=="],

    "@rc-component/pagination": ["@rc-component/pagination@1.2.0", "", { "dependencies": { "@rc-component/util": "^1.3.0", "clsx": "^2.1.1" }, "peerDependencies": { "react": ">=16.9.0", "react-dom": ">=16.9.0" } }, "sha512-YcpUFE8dMLfSo6OARJlK6DbHHvrxz7pMGPGmC/caZSJJz6HRKHC1RPP001PRHCvG9Z/veD039uOQmazVuLJzlw=="],

    "@rc-component/picker": ["@rc-component/picker@1.8.0", "", { "dependencies": { "@rc-component/overflow": "^1.0.0", "@rc-component/resize-observer": "^1.0.0", "@rc-component/trigger": "^3.6.15", "@rc-component/util": "^1.3.0", "clsx": "^2.1.1" }, "peerDependencies": { "date-fns": ">= 2.x", "dayjs": ">= 1.x", "luxon": ">= 3.x", "moment": ">= 2.x", "react": ">=16.9.0", "react-dom": ">=16.9.0" }, "optionalPeers": ["date-fns", "dayjs", "luxon", "moment"] }, "sha512-ek4efrIy+peC8WFJg6Lg7c+WNkykr+wUGQGBNoKmlF0K752aIJuaPcBj6p8CceT9vSJ9gOeeclQCBQIFWVDk1A=="],

    "@rc-component/portal": ["@rc-component/portal@2.0.1", "", { "dependencies": { "@rc-component/util": "^1.2.1", "clsx": "^2.1.1" }, "peerDependencies": { "react": ">=18.0.0", "react-dom": ">=18.0.0" } }, "sha512-46KYuA7Udb1LAaLIdDrfmDz3wzyeEZxIURJCn+heoQVbhtW5PQkhBSQtRus+DUdsknmTFQulxSnqrbX3CI4yXw=="],

    "@rc-component/progress": ["@rc-component/progress@1.0.2", "", { "dependencies": { "@rc-component/util": "^1.2.1", "clsx": "^2.1.1" }, "peerDependencies": { "react": ">=16.9.0", "react-dom": ">=16.9.0" } }, "sha512-WZUnH9eGxH1+xodZKqdrHke59uyGZSWgj5HBM5Kwk5BrTMuAORO7VJ2IP5Qbm9aH3n9x3IcesqHHR0NWPBC7fQ=="],

    "@rc-component/qrcode": ["@rc-component/qrcode@1.1.1", "", { "dependencies": { "@babel/runtime": "^7.24.7" }, "peerDependencies": { "react": ">=16.9.0", "react-dom": ">=16.9.0" } }, "sha512-LfLGNymzKdUPjXUbRP+xOhIWY4jQ+YMj5MmWAcgcAq1Ij8XP7tRmAXqyuv96XvLUBE/5cA8hLFl9eO1JQMujrA=="],

    "@rc-component/rate": ["@rc-component/rate@1.0.1", "", { "dependencies": { "@rc-component/util": "^1.3.0", "clsx": "^2.1.1" }, "peerDependencies": { "react": ">=16.9.0", "react-dom": ">=16.9.0" } }, "sha512-bkXxeBqDpl5IOC7yL7GcSYjQx9G8H+6kLYQnNZWeBYq2OYIv1MONd6mqKTjnnJYpV0cQIU2z3atdW0j1kttpTw=="],

    "@rc-component/resize-observer": ["@rc-component/resize-observer@1.0.1", "", { "dependencies": { "@rc-component/util": "^1.2.0" }, "peerDependencies": { "react": ">=16.9.0", "react-dom": ">=16.9.0" } }, "sha512-r+w+Mz1EiueGk1IgjB3ptNXLYSLZ5vnEfKHH+gfgj7JMupftyzvUUl3fRcMZe5uMM04x0n8+G2o/c6nlO2+Wag=="],

    "@rc-component/segmented": ["@rc-component/segmented@1.2.3", "", { "dependencies": { "@babel/runtime": "^7.11.1", "@rc-component/motion": "^1.1.4", "@rc-component/util": "^1.3.0", "clsx": "^2.1.1" }, "peerDependencies": { "react": ">=16.0.0", "react-dom": ">=16.0.0" } }, "sha512-L7G4S6zUpqHclOXK0wKKN2/VyqHa9tfDNxkoFjWOTPtQ0ROFaBwZhbf1+9sdZfIFkxJkpcShAmDOMEIBaFFqkw=="],

    "@rc-component/select": ["@rc-component/select@1.3.5", "", { "dependencies": { "@rc-component/overflow": "^1.0.0", "@rc-component/trigger": "^3.0.0", "@rc-component/util": "^1.3.0", "@rc-component/virtual-list": "^1.0.1", "clsx": "^2.1.1" }, "peerDependencies": { "react": "*", "react-dom": "*" } }, "sha512-A2QVOWDfRoLgHwPHrCGx1G42dYntOk+nsT6SX4ADCoagqu4bcxceJPbYvVKkfMYSIwgtfu+tDhPk3Z5gz8944g=="],

    "@rc-component/slider": ["@rc-component/slider@1.0.1", "", { "dependencies": { "@rc-component/util": "^1.3.0", "clsx": "^2.1.1" }, "peerDependencies": { "react": ">=16.9.0", "react-dom": ">=16.9.0" } }, "sha512-uDhEPU1z3WDfCJhaL9jfd2ha/Eqpdfxsn0Zb0Xcq1NGQAman0TWaR37OWp2vVXEOdV2y0njSILTMpTfPV1454g=="],

    "@rc-component/steps": ["@rc-component/steps@1.2.2", "", { "dependencies": { "@rc-component/util": "^1.2.1", "clsx": "^2.1.1" }, "peerDependencies": { "react": ">=16.9.0", "react-dom": ">=16.9.0" } }, "sha512-/yVIZ00gDYYPHSY0JP+M+s3ZvuXLu2f9rEjQqiUDs7EcYsUYrpJ/1bLj9aI9R7MBR3fu/NGh6RM9u2qGfqp+Nw=="],

    "@rc-component/switch": ["@rc-component/switch@1.0.3", "", { "dependencies": { "@rc-component/util": "^1.3.0", "clsx": "^2.1.1" }, "peerDependencies": { "react": ">=16.9.0", "react-dom": ">=16.9.0" } }, "sha512-Jgi+EbOBquje/XNdofr7xbJQZPYJP+BlPfR0h+WN4zFkdtB2EWqEfvkXJWeipflwjWip0/17rNbxEAqs8hVHfw=="],

    "@rc-component/table": ["@rc-component/table@1.9.0", "", { "dependencies": { "@rc-component/context": "^2.0.1", "@rc-component/resize-observer": "^1.0.0", "@rc-component/util": "^1.1.0", "@rc-component/virtual-list": "^1.0.1", "clsx": "^2.1.1" }, "peerDependencies": { "react": ">=18.0.0", "react-dom": ">=18.0.0" } }, "sha512-cq3P9FkD+F3eglkFYhBuNlHclg+r4jY8+ZIgK7zbEFo6IwpnA77YL/Gq4ensLw9oua3zFCTA6JDu6YgBei0TxA=="],

    "@rc-component/tabs": ["@rc-component/tabs@1.7.0", "", { "dependencies": { "@rc-component/dropdown": "~1.0.0", "@rc-component/menu": "~1.2.0", "@rc-component/motion": "^1.1.3", "@rc-component/resize-observer": "^1.0.0", "@rc-component/util": "^1.3.0", "clsx": "^2.1.1" }, "peerDependencies": { "react": ">=16.9.0", "react-dom": ">=16.9.0" } }, "sha512-J48cs2iBi7Ho3nptBxxIqizEliUC+ExE23faspUQKGQ550vaBlv3aGF8Epv/UB1vFWeoJDTW/dNzgIU0Qj5i/w=="],

    "@rc-component/textarea": ["@rc-component/textarea@1.1.2", "", { "dependencies": { "@rc-component/input": "~1.1.0", "@rc-component/resize-observer": "^1.0.0", "@rc-component/util": "^1.3.0", "clsx": "^2.1.1" }, "peerDependencies": { "react": ">=16.9.0", "react-dom": ">=16.9.0" } }, "sha512-9rMUEODWZDMovfScIEHXWlVZuPljZ2pd1LKNjslJVitn4SldEzq5vO1CL3yy3Dnib6zZal2r2DPtjy84VVpF6A=="],

    "@rc-component/tooltip": ["@rc-component/tooltip@1.4.0", "", { "dependencies": { "@rc-component/trigger": "^3.7.1", "@rc-component/util": "^1.3.0", "clsx": "^2.1.1" }, "peerDependencies": { "react": ">=18.0.0", "react-dom": ">=18.0.0" } }, "sha512-8Rx5DCctIlLI4raR0I0xHjVTf1aF48+gKCNeAAo5bmF5VoR5YED+A/XEqzXv9KKqrJDRcd3Wndpxh2hyzrTtSg=="],

    "@rc-component/tour": ["@rc-component/tour@2.2.1", "", { "dependencies": { "@rc-component/portal": "^2.0.0", "@rc-component/trigger": "^3.0.0", "@rc-component/util": "^1.3.0", "clsx": "^2.1.1" }, "peerDependencies": { "react": ">=16.9.0", "react-dom": ">=16.9.0" } }, "sha512-BUCrVikGJsXli38qlJ+h2WyDD6dYxzDA9dV3o0ij6gYhAq6ooT08SUMWOikva9v4KZ2BEuluGl5bPcsjrSoBgQ=="],

    "@rc-component/tree": ["@rc-component/tree@1.1.0", "", { "dependencies": { "@rc-component/motion": "^1.0.0", "@rc-component/util": "^1.2.1", "@rc-component/virtual-list": "^1.0.1", "clsx": "^2.1.1" }, "peerDependencies": { "react": "*", "react-dom": "*" } }, "sha512-HZs3aOlvFgQdgrmURRc/f4IujiNBf4DdEeXUlkS0lPoLlx9RoqsZcF0caXIAMVb+NaWqKtGQDnrH8hqLCN5zlA=="],

    "@rc-component/tree-select": ["@rc-component/tree-select@1.4.0", "", { "dependencies": { "@rc-component/select": "~1.3.0", "@rc-component/tree": "~1.1.0", "@rc-component/util": "^1.4.0", "clsx": "^2.1.1" }, "peerDependencies": { "react": "*", "react-dom": "*" } }, "sha512-I3UAlO2hNqy9CSKc8EBaESgnmKk2QaRzuZ2XHZGFCgsSMkGl06mdF97sVfROM02YIb64ocgLKefsjE0Ch4ocwQ=="],

    "@rc-component/trigger": ["@rc-component/trigger@3.7.1", "", { "dependencies": { "@rc-component/motion": "^1.1.4", "@rc-component/portal": "^2.0.0", "@rc-component/resize-observer": "^1.0.0", "@rc-component/util": "^1.2.1", "clsx": "^2.1.1" }, "peerDependencies": { "react": ">=18.0.0", "react-dom": ">=18.0.0" } }, "sha512-+YNP8FywxKJpdqzlAp6TN8UbSK6YsQtIs3kI13mHfm87qi3qUd5Q9AGW8Unfv76kXFUSu7U7D0FygRsGH+6MiA=="],

    "@rc-component/upload": ["@rc-component/upload@1.1.0", "", { "dependencies": { "@rc-component/util": "^1.3.0", "clsx": "^2.1.1" }, "peerDependencies": { "react": ">=16.9.0", "react-dom": ">=16.9.0" } }, "sha512-LIBV90mAnUE6VK5N4QvForoxZc4XqEYZimcp7fk+lkE4XwHHyJWxpIXQQwMU8hJM+YwBbsoZkGksL1sISWHQxw=="],

    "@rc-component/util": ["@rc-component/util@1.6.0", "", { "dependencies": { "is-mobile": "^5.0.0", "react-is": "^18.2.0" }, "peerDependencies": { "react": ">=18.0.0", "react-dom": ">=18.0.0" } }, "sha512-YbjuIVAm8InCnXVoA4n6G+uh31yESTxQ6fSY2frZ2/oMSvktoB+bumFUfNN7RKh7YeOkZgOvN2suGtEDhJSX0A=="],

    "@rc-component/virtual-list": ["@rc-component/virtual-list@1.0.2", "", { "dependencies": { "@babel/runtime": "^7.20.0", "@rc-component/resize-observer": "^1.0.1", "@rc-component/util": "^1.4.0", "clsx": "^2.1.1" }, "peerDependencies": { "react": ">=16.9.0", "react-dom": ">=16.9.0" } }, "sha512-uvTol/mH74FYsn5loDGJxo+7kjkO4i+y4j87Re1pxJBs0FaeuMuLRzQRGaXwnMcV1CxpZLi2Z56Rerj2M00fjQ=="],

    "@types/bun": ["@types/bun@1.3.4", "", { "dependencies": { "bun-types": "1.3.4" } }, "sha512-EEPTKXHP+zKGPkhRLv+HI0UEX8/o+65hqARxLy8Ov5rIxMBPNTjeZww00CIihrIQGEQBYg+0roO5qOnS/7boGA=="],

    "@types/node": ["@types/node@25.0.2", "", { "dependencies": { "undici-types": "~7.16.0" } }, "sha512-gWEkeiyYE4vqjON/+Obqcoeffmk0NF15WSBwSs7zwVA2bAbTaE0SJ7P0WNGoJn8uE7fiaV5a7dKYIJriEqOrmA=="],

    "@types/react": ["@types/react@19.2.7", "", { "dependencies": { "csstype": "^3.2.2" } }, "sha512-MWtvHrGZLFttgeEj28VXHxpmwYbor/ATPYbBfSFZEIRK0ecCFLl2Qo55z52Hss+UV9CRN7trSeq1zbgx7YDWWg=="],

    "@types/react-dom": ["@types/react-dom@19.2.3", "", { "peerDependencies": { "@types/react": "^19.2.0" } }, "sha512-jp2L/eY6fn+KgVVQAOqYItbF0VY/YApe5Mz2F0aykSO8gx31bYCZyvSeYxCHKvzHG5eZjc+zyaS5BrBWya2+kQ=="],

    "antd": ["antd@6.1.0", "", { "dependencies": { "@ant-design/colors": "^8.0.0", "@ant-design/cssinjs": "^2.0.1", "@ant-design/cssinjs-utils": "^2.0.2", "@ant-design/fast-color": "^3.0.0", "@ant-design/icons": "^6.1.0", "@ant-design/react-slick": "~2.0.0", "@babel/runtime": "^7.28.4", "@rc-component/cascader": "~1.9.0", "@rc-component/checkbox": "~1.0.1", "@rc-component/collapse": "~1.1.2", "@rc-component/color-picker": "~3.0.3", "@rc-component/dialog": "~1.5.1", "@rc-component/drawer": "~1.3.0", "@rc-component/dropdown": "~1.0.2", "@rc-component/form": "~1.4.0", "@rc-component/image": "~1.5.2", "@rc-component/input": "~1.1.2", "@rc-component/input-number": "~1.6.2", "@rc-component/mentions": "~1.6.0", "@rc-component/menu": "~1.2.0", "@rc-component/motion": "~1.1.6", "@rc-component/mutate-observer": "^2.0.1", "@rc-component/notification": "~1.2.0", "@rc-component/pagination": "~1.2.0", "@rc-component/picker": "~1.8.0", "@rc-component/progress": "~1.0.2", "@rc-component/qrcode": "~1.1.1", "@rc-component/rate": "~1.0.1", "@rc-component/resize-observer": "^1.0.1", "@rc-component/segmented": "~1.2.3", "@rc-component/select": "~1.3.2", "@rc-component/slider": "~1.0.1", "@rc-component/steps": "~1.2.2", "@rc-component/switch": "~1.0.3", "@rc-component/table": "~1.9.0", "@rc-component/tabs": "~1.7.0", "@rc-component/textarea": "~1.1.2", "@rc-component/tooltip": "~1.4.0", "@rc-component/tour": "~2.2.1", "@rc-component/tree": "~1.1.0", "@rc-component/tree-select": "~1.4.0", "@rc-component/trigger": "^3.7.1", "@rc-component/upload": "~1.1.0", "@rc-component/util": "^1.4.0", "clsx": "^2.1.1", "dayjs": "^1.11.11", "scroll-into-view-if-needed": "^3.1.0", "throttle-debounce": "^5.0.2" }, "peerDependencies": { "react": ">=18.0.0", "react-dom": ">=18.0.0" } }, "sha512-RIe4W5saaL9SWgvqCcvz6LZta/KwT50B0YF7xYiWVZh0Gqfw2rJAsOMcp202Hxgm+YiyoSp4QqqvexKhuGGarw=="],

    "bun-types": ["bun-types@1.3.4", "", { "dependencies": { "@types/node": "*" } }, "sha512-5ua817+BZPZOlNaRgGBpZJOSAQ9RQ17pkwPD0yR7CfJg+r8DgIILByFifDTa+IPDDxzf5VNhtNlcKqFzDgJvlQ=="],

    "clsx": ["clsx@2.1.1", "", {}, "sha512-eYm0QWBtUrBWZWG0d386OGAw16Z995PiOVo2B7bjWSbHedGl5e0ZWaq65kOGgUSNesEIDkB9ISbTg/JK9dhCZA=="],

    "compute-scroll-into-view": ["compute-scroll-into-view@3.1.1", "", {}, "sha512-VRhuHOLoKYOy4UbilLbUzbYg93XLjv2PncJC50EuTWPA3gaja1UjBsUP/D/9/juV3vQFr6XBEzn9KCAHdUvOHw=="],

    "csstype": ["csstype@3.2.3", "", {}, "sha512-z1HGKcYy2xA8AGQfwrn0PAy+PB7X/GSj3UVJW9qKyn43xWa+gl5nXmU4qqLMRzWVLFC8KusUX8T/0kCiOYpAIQ=="],

    "dayjs": ["dayjs@1.11.19", "", {}, "sha512-t5EcLVS6QPBNqM2z8fakk/NKel+Xzshgt8FFKAn+qwlD1pzZWxh0nVCrvFK7ZDb6XucZeF9z8C7CBWTRIVApAw=="],

    "is-mobile": ["is-mobile@5.0.0", "", {}, "sha512-Tz/yndySvLAEXh+Uk8liFCxOwVH6YutuR74utvOcu7I9Di+DwM0mtdPVZNaVvvBUM2OXxne/NhOs1zAO7riusQ=="],

    "json2mq": ["json2mq@0.2.0", "", { "dependencies": { "string-convert": "^0.2.0" } }, "sha512-SzoRg7ux5DWTII9J2qkrZrqV1gt+rTaoufMxEzXbS26Uid0NwaJd123HcoB80TgubEppxxIGdNxCx50fEoEWQA=="],

    "react": ["react@19.2.3", "", {}, "sha512-Ku/hhYbVjOQnXDZFv2+RibmLFGwFdeeKHFcOTlrt7xplBnya5OGn/hIRDsqDiSUcfORsDC7MPxwork8jBwsIWA=="],

    "react-dom": ["react-dom@19.2.3", "", { "dependencies": { "scheduler": "^0.27.0" }, "peerDependencies": { "react": "^19.2.3" } }, "sha512-yELu4WmLPw5Mr/lmeEpox5rw3RETacE++JgHqQzd2dg+YbJuat3jH4ingc+WPZhxaoFzdv9y33G+F7Nl5O0GBg=="],

    "react-is": ["react-is@18.3.1", "", {}, "sha512-/LLMVyas0ljjAtoYiPqYiL8VWXzUUdThrmU5+n20DZv+a+ClRoevUzw5JxU+Ieh5/c87ytoTBV9G1FiKfNJdmg=="],

    "scheduler": ["scheduler@0.27.0", "", {}, "sha512-eNv+WrVbKu1f3vbYJT/xtiF5syA5HPIMtf9IgY/nKg0sWqzAUEvqY/xm7OcZc/qafLx/iO9FgOmeSAp4v5ti/Q=="],

    "scroll-into-view-if-needed": ["scroll-into-view-if-needed@3.1.0", "", { "dependencies": { "compute-scroll-into-view": "^3.0.2" } }, "sha512-49oNpRjWRvnU8NyGVmUaYG4jtTkNonFZI86MmGRDqBphEK2EXT9gdEUoQPZhuBM8yWHxCWbobltqYO5M4XrUvQ=="],

    "string-convert": ["string-convert@0.2.1", "", {}, "sha512-u/1tdPl4yQnPBjnVrmdLo9gtuLvELKsAoRapekWggdiQNvvvum+jYF329d84NAa660KQw7pB2n36KrIKVoXa3A=="],

    "stylis": ["stylis@4.3.6", "", {}, "sha512-yQ3rwFWRfwNUY7H5vpU0wfdkNSnvnJinhF9830Swlaxl03zsOjCfmX0ugac+3LtK0lYSgwL/KXc8oYL3mG4YFQ=="],

    "throttle-debounce": ["throttle-debounce@5.0.2", "", {}, "sha512-B71/4oyj61iNH0KeCamLuE2rmKuTO5byTOSVwECM5FA7TiAiAW+UqTKZ9ERueC4qvgSttUhdmq1mXC3kJqGX7A=="],

    "undici-types": ["undici-types@7.16.0", "", {}, "sha512-Zz+aZWSj8LE6zoxD+xrjh4VfkIG8Ya6LvYkZqtUQGJPZjYl53ypCaUwWqo7eI0x66KBGeRo+mlBEkMSeSZ38Nw=="],
  }
}
